github.com/aws/aws-sdk-go-v2 v1.43.3 h1:XJIcfv8uDs2ukdQsoAC8/Ebu1ejxwzlayl2ZsiFns2A=
github.com/aws/aws-sdk-go-v2 v1.43.3/go.mod h1:70vwSy16txshwG+g55WkpgPKDIByzHI8ccBsOteo3bQ=
github.com/aws/aws-sdk-go-v2/aws/protocol/eventstream v1.7.15 h1:rq/p1VNFfygoKEQ9hHMKsKBE98lspPvT8IxaFs5mFhw=
github.com/aws/aws-sdk-go-v2/aws/protocol/eventstream v1.7.15/go.mod h1:bELIhlPfW8OkpDhP1MvCjHDtvv8NhiBTz+K4o26zrXA=
github.com/aws/aws-sdk-go-v2/config v1.32.34 h1:o+YAizrX562nEZXaB38uYTK8RvIsvW0uuRP+e5e0Pfk=
github.com/aws/aws-sdk-go-v2/config v1.32.34/go.mod h1:wc0zYRChOniiufvdWiRVf3jgXSgbkvaD683IHHHc2ZQ=
github.com/aws/aws-sdk-go-v2/credentials v1.19.33 h1:/e5V3EWfeDiW6cuRxHsC8gbwko4/vvVYPJR2afBKFFY=
github.com/aws/aws-sdk-go-v2/credentials v1.19.33/go.mod h1:ZxAmkcyOM9beY/WO9oxp2oVPXiP3rq5N1/p4NbenJdE=
github.com/aws/aws-sdk-go-v2/feature/ec2/imds v1.18.34 h1:1EsGke6rTD2CG3j2MMVB77n6Q+FlbQWYI/dFdLWBNtM=
github.com/aws/aws-sdk-go-v2/feature/ec2/imds v1.18.34/go.mod h1:5B1Z/QbaWzqoWRzYxZfmCbDDRcvUHcfAIQw/S+KfDmc=
github.com/aws/aws-sdk-go-v2/internal/configsources v1.4.34 h1:vuIfjzoeqhQMGJyOBU3t0ZEjn2jrN8Bbg1N4CgjzM5Q=
github.com/aws/aws-sdk-go-v2/internal/configsources v1.4.34/go.mod h1:hP28cN4CPJLZHirdQPrZR50JcLN4ApRJP2tzG8cRlhY=
github.com/aws/aws-sdk-go-v2/internal/endpoints/v2 v2.7.34 h1:9faHsnqxJ1vDvB4wMZy/ajIDyz5QhllQjjc72RJpXAw=
github.com/aws/aws-sdk-go-v2/internal/endpoints/v2 v2.7.34/go.mod h1:Yp6nIyejpa23nzlB/LhT63KTla9Jdi06nv/HH/OkAH8=
github.com/aws/aws-sdk-go-v2/internal/v4a v1.4.35 h1:Oe8gMKJLO5awqpa5EhAGKVnBv1s+brdWVuxM2mDa7zA=
github.com/aws/aws-sdk-go-v2/internal/v4a v1.4.35/go.mod h1:FZevcG9cOST/FWAAUhHIchjR9fXFXFRCWodOhx+PDLA=
github.com/aws/aws-sdk-go-v2/service/cloudwatch v1.66.1 h1:QcGttphKuodNd8qDhW7wBvR52X4vjunevomE0zz3GLM=
github.com/aws/aws-sdk-go-v2/service/cloudwatch v1.66.1/go.mod h1:8g/B0GkR+jfGCDgANnWlin/7sciT2dpj2CiNH3sRjpw=
github.com/aws/aws-sdk-go-v2/service/ec2 v1.318.0 h1:+jtItWSTMhuHmKKYwdjIZLwyq6mxryj8nE8q9Q5l8Cs=
github.com/aws/aws-sdk-go-v2/service/ec2 v1.318.0/go.mod h1:JZSh40UkVtDPcC6QZ4rxqOTMyC1YtQi9sCrhD0FC9Rk=
github.com/aws/aws-sdk-go-v2/service/ecs v1.89.2 h1:8OQdMdSecpeZECz/zaSmgtsodDkcYmeU1ahY//3qnV0=
github.com/aws/aws-sdk-go-v2/service/ecs v1.89.2/go.mod h1:1AMXbi+8LXR7Ra1g6dQXMKlrRzzdt8wI+IGSkUFntPU=
github.com/aws/aws-sdk-go-v2/service/eks v1.90.2 h1:lxEuqPFuXUERP30IFjLiB7L64OdU5wt3VcGsqhwznBk=
github.com/aws/aws-sdk-go-v2/service/eks v1.90.2/go.mod h1:yt8ljVMOYoO0ydj8lTLfiaMI1XI19pw+jNloE73ChSw=
github.com/aws/aws-sdk-go-v2/service/elasticloadbalancing v1.36.2 h1:s0vwUUH8/UFAHH2rNDFPAapac0iJFyzcvEqDVQGxNhM=
github.com/aws/aws-sdk-go-v2/service/elasticloadbalancing v1.36.2/go.mod h1:3Zt8X28jpVMH+d+/j8zU/lKGL0NyQUNTBMK2EIW8QZ0=
github.com/aws/aws-sdk-go-v2/service/elasticloadbalancingv2 v1.58.3 h1:NEhZ+ELSYbHopE48q7NlJ35gY74hp6OCHbmIRxVBsvg=
github.com/aws/aws-sdk-go-v2/service/elasticloadbalancingv2 v1.58.3/go.mod h1:Qm+X2h1G+x7e3RnzXrSZF0btwSPksyjLeceWXmy6CAc=
github.com/aws/aws-sdk-go-v2/service/iam v1.57.0 h1:n8wvZQGLzmMEz1y073wyxdN5uGAGb3fa/k8ZRxpzg4I=
github.com/aws/aws-sdk-go-v2/service/iam v1.57.0/go.mod h1:vXOtv4pXRgGwWMyhblIp2+qI20iajYYlmrzMaIJF86s=
github.com/aws/aws-sdk-go-v2/service/internal/accept-encoding v1.13.15 h1:JJLBQxwY+AFwuPAi5ivGc1ChnTdUt4cXMv7e76m2c/Y=
github.com/aws/aws-sdk-go-v2/service/internal/accept-encoding v1.13.15/go.mod h1:lQknBIe78MVL0cQOQDlag8KGflMbMEVFx9mB6O8ENvk=
github.com/aws/aws-sdk-go-v2/service/internal/presigned-url v1.13.34 h1:sYg4qHWLqsjp15PzX7XCOHSOgKEGoZ5vQY43VvZ1pas=
github.com/aws/aws-sdk-go-v2/service/internal/presigned-url v1.13.34/go.mod h1:N58SSz3roKf1HzW5qRaOiyk6MbDLTKgLPvlTfJ90iyI=
github.com/aws/aws-sdk-go-v2/service/lambda v1.101.0 h1:7Ajy3/Uk9NytijLJhGtYY8JCuogbIUFXlX3/yiVlEG4=
github.com/aws/aws-sdk-go-v2/service/lambda v1.101.0/go.mod h1:sARNHpfl6YWc1y4IBQRnYTM9DndQ8JgFTZc6eIM9T0s=
github.com/aws/aws-sdk-go-v2/service/organizations v1.53.3 h1:/YZLQTY+BGhhlDDPhpMPCpQRkDThiyunD4f/g7Q2Ggc=
github.com/aws/aws-sdk-go-v2/service/organizations v1.53.3/go.mod h1:zm8QiEerNtAyb53aoAMG0rb39AWLENdpvYCB5Dfj2Vc=
github.com/aws/aws-sdk-go-v2/service/pricing v1.44.3 h1:FlwRvZDV5BHa8v0BCPW8+Za26HobkVYWiuw5aOs/hq8=
github.com/aws/aws-sdk-go-v2/service/pricing v1.44.3/go.mod h1:pmcZWdMf109OWwzIQ7qax7B3BLnuhf6z39+6L3UorEM=
github.com/aws/aws-sdk-go-v2/service/rds v1.124.0 h1:VGrYY7725nq+LViSGHzVe9pzObQ+BB1mpdvM0thyqiY=
github.com/aws/aws-sdk-go-v2/service/rds v1.124.0/go.mod h1:Ks1zrhQ17nZjVi5aDLQOwu7dggjWE+/BwvwNUKYWD48=
github.com/aws/aws-sdk-go-v2/service/secretsmanager v1.44.2 h1:FLe010M9ARXddf0bcS3QPKGv674hofC2avslyt/TEoQ=
github.com/aws/aws-sdk-go-v2/service/secretsmanager v1.44.2/go.mod h1:v2RPY2DZKoDBk6xVFELvo5xTnUFJNoC4S385MwpXELw=
github.com/aws/aws-sdk-go-v2/service/signin v1.5.3 h1:togAtAmgV5IGMnQDuBDJeM8z5Y5RN6G7xeOgphWz+Yc=
github.com/aws/aws-sdk-go-v2/service/signin v1.5.3/go.mod h1:T7xKUUUvN7W3RW8UmMvKnD12xqh+Ux2gCPHPhnt64Dg=
github.com/aws/aws-sdk-go-v2/service/sso v1.33.3 h1:YjH64OUytnWZBHUtM9GMyi4ZWBiSQdEJkZuPykOIe44=
github.com/aws/aws-sdk-go-v2/service/sso v1.33.3/go.mod h1:5qoHcDZDTSJotoKk1bvVRPv1MXaL/NhfY9ng8D1g/ig=
github.com/aws/aws-sdk-go-v2/service/ssooidc v1.38.3 h1:A4o1di/XGaqtw6r3toSBrFX2U7mVSLqg7jo9wL4I+cU=
github.com/aws/aws-sdk-go-v2/service/ssooidc v1.38.3/go.mod h1:sKuKz2kHtrGVtFu34vbM3LWSA9CKD9YZUmm6e5PPqRA=
github.com/aws/aws-sdk-go-v2/service/sts v1.45.3 h1:Fi7+DiKN1+QphlajvE6FqeZ8GRbnnRul7zTdUiRpbGc=
github.com/aws/aws-sdk-go-v2/service/sts v1.45.3/go.mod h1:KCc3e27fHZUGtzpek7wZcp6dyCpGkJJo/+3PBujh/yU=
github.com/aws/smithy-go v1.27.6 h1:0zjT8jgK3jbrTT7JJ3EE6JsMhX8JTrZ+f1sEndYDXrA=
github.com/aws/smithy-go v1.27.6/go.mod h1:YE2RhdIuDbA5E5bTdciG9KrW3+TiEONeUWCqxX9i1Fc=
github.com/go-chi/chi/v5 v5.3.1 h1:3j4HZLGZQ3JpMCrPJF/Jl3mYJfWLKBfNJ6quurUGCf8=
github.com/go-chi/chi/v5 v5.3.1/go.mod h1:R+tYY2hNuVUUjxoPtqUdgBqevM9s9njzkTLutVsOCto=
github.com/go-chi/cors v1.2.2 h1:Jmey33TE+b+rB7fT8MUy1u0I4L+NARQlK6LhzKPSyQE=
github.com/go-chi/cors v1.2.2/go.mod h1:sSbTewc+6wYHBBCW7ytsFSn836hqM7JxpglAy2Vzc58=
golang.org/x/sync v0.22.0 h1:SZjpbeLmrCk4xhRSZFNZW5gFUeCeFgjekvI/+gfScek=
golang.org/x/sync v0.22.0/go.mod h1:9xrNwdLfx4jkKbNva9FpL6vEN7evnE43NNNJQ2LF3+0=
gopkg.in/check.v1 v0.0.0-20161208181325-20d25e280405 h1:yhCVgyC4o1eVCa2tZl7eS0r+SDo693bJlVdllGtEeKM=
gopkg.in/check.v1 v0.0.0-20161208181325-20d25e280405/go.mod h1:Co6ibVJAznAaIkqp8huTwlJQCZ016jof/cbN4VW5Yz0=
gopkg.in/yaml.v3 v3.0.1 h1:fxVm/GzAzEWqLHuvctI91KS9hhNmmWOoWu0XTYJS7CA=
gopkg.in/yaml.v3 v3.0.1/go.mod h1:K4uyk7z7BCEPqu6E+C64Yfv1cQ7kz7rIZviUmN+EgEM=
